// !$*UTF8*$!
{
	archiveVersion = 1;
	classes = {
	};
	objectVersion = 48;
	objects = {

/* Begin PBXBuildFile section */
		55C74AC076C21355EA42A928 /* Pods_instagram.framework in Frameworks */ = {isa = PBXBuildFile; fileRef = 3EDC35E2E74CF178EB051C6F /* Pods_instagram.framework */; };
		80AC54FC203F991C008BE0DE /* AppDelegate.swift in Sources */ = {isa = PBXBuildFile; fileRef = 80AC54FB203F991C008BE0DE /* AppDelegate.swift */; };
		80AC54FE203F991C008BE0DE /* ViewController.swift in Sources */ = {isa = PBXBuildFile; fileRef = 80AC54FD203F991C008BE0DE /* ViewController.swift */; };
		80AC5501203F991C008BE0DE /* Main.storyboard in Resources */ = {isa = PBXBuildFile; fileRef = 80AC54FF203F991C008BE0DE /* Main.storyboard */; };
		80AC5503203F991C008BE0DE /* Assets.xcassets in Resources */ = {isa = PBXBuildFile; fileRef = 80AC5502203F991C008BE0DE /* Assets.xcassets */; };
		80AC5506203F991C008BE0DE /* LaunchScreen.storyboard in Resources */ = {isa = PBXBuildFile; fileRef = 80AC5504203F991C008BE0DE /* LaunchScreen.storyboard */; };
		80AC5511203F991D008BE0DE /* instagramTests.swift in Sources */ = {isa = PBXBuildFile; fileRef = 80AC5510203F991D008BE0DE /* instagramTests.swift */; };
		80AC551C203F991D008BE0DE /* instagramUITests.swift in Sources */ = {isa = PBXBuildFile; fileRef = 80AC551B203F991D008BE0DE /* instagramUITests.swift */; };
		80AC552A203FA238008BE0DE /* LoginViewController.swift in Sources */ = {isa = PBXBuildFile; fileRef = 80AC5529203FA238008BE0DE /* LoginViewController.swift */; };
		80AC552C2043A436008BE0DE /* FeedViewController.swift in Sources */ = {isa = PBXBuildFile; fileRef = 80AC552B2043A436008BE0DE /* FeedViewController.swift */; };
		80AC552E2043A449008BE0DE /* ProfileViewController.swift in Sources */ = {isa = PBXBuildFile; fileRef = 80AC552D2043A449008BE0DE /* ProfileViewController.swift */; };
		80AC55302043B8E7008BE0DE /* Post.swift in Sources */ = {isa = PBXBuildFile; fileRef = 80AC552F2043B8E7008BE0DE /* Post.swift */; };
		80AC55322043EFF0008BE0DE /* UploadViewController.swift in Sources */ = {isa = PBXBuildFile; fileRef = 80AC55312043EFF0008BE0DE /* UploadViewController.swift */; };
		9A1A74E803BB7112C5217C79 /* Pods_instagram_instagramTests.framework in Frameworks */ = {isa = PBXBuildFile; fileRef = 16F03EA380BB67757427D434 /* Pods_instagram_instagramTests.framework */; };
		AEAC79334EC8C3139151D73F /* Pods_instagramTests.framework in Frameworks */ = {isa = PBXBuildFile; fileRef = D4BC8F19F0493AB119374C93 /* Pods_instagramTests.framework */; };
		C481199765028675D127A70E /* Pods_instagramUITests.framework in Frameworks */ = {isa = PBXBuildFile; fileRef = 1B76961268D0464842641D81 /* Pods_instagramUITests.framework */; };
/* End PBXBuildFile section */

/* Begin PBXContainerItemProxy section */
		80AC550D203F991D008BE0DE /* PBXContainerItemProxy */ = {
			isa = PBXContainerItemProxy;
			containerPortal = 80AC54F0203F991C008BE0DE /* Project object */;
			proxyType = 1;
			remoteGlobalIDString = 80AC54F7203F991C008BE0DE;
			remoteInfo = instagram;
		};
		80AC5518203F991D008BE0DE /* PBXContainerItemProxy */ = {
			isa = PBXContainerItemProxy;
			containerPortal = 80AC54F0203F991C008BE0DE /* Project object */;
			proxyType = 1;
			remoteGlobalIDString = 80AC54F7203F991C008BE0DE;
			remoteInfo = instagram;
		};
/* End PBXContainerItemProxy section */

/* Begin PBXFileReference section */
		12F2CF0A6D41D92D76909079 /* Pods-instagramUITests.debug.xcconfig */ = {isa = PBXFileReference; includeInIndex = 1; lastKnownFileType = text.xcconfig; name = "Pods-instagramUITests.debug.xcconfig"; path = "Pods/Target Support Files/Pods-instagramUITests/Pods-instagramUITests.debug.xcconfig"; sourceTree = "<group>"; };
		16F03EA380BB67757427D434 /* Pods_instagram_instagramTests.framework */ = {isa = PBXFileReference; explicitFileType = wrapper.framework; includeInIndex = 0; path = Pods_instagram_instagramTests.framework; sourceTree = BUILT_PRODUCTS_DIR; };
		1B76961268D0464842641D81 /* Pods_instagramUITests.framework */ = {isa = PBXFileReference; explicitFileType = wrapper.framework; includeInIndex = 0; path = Pods_instagramUITests.framework; sourceTree = BUILT_PRODUCTS_DIR; };
		312E31CE8355B80B9F2FEE5B /* Pods-instagram.release.xcconfig */ = {isa = PBXFileReference; includeInIndex = 1; lastKnownFileType = text.xcconfig; name = "Pods-instagram.release.xcconfig"; path = "Pods/Target Support Files/Pods-instagram/Pods-instagram.release.xcconfig"; sourceTree = "<group>"; };
		3EDC35E2E74CF178EB051C6F /* Pods_instagram.framework */ = {isa = PBXFileReference; explicitFileType = wrapper.framework; includeInIndex = 0; path = Pods_instagram.framework; sourceTree = BUILT_PRODUCTS_DIR; };
		49E273232BBE797AC5EDBA9E /* Pods-instagramTests.debug.xcconfig */ = {isa = PBXFileReference; includeInIndex = 1; lastKnownFileType = text.xcconfig; name = "Pods-instagramTests.debug.xcconfig"; path = "Pods/Target Support Files/Pods-instagramTests/Pods-instagramTests.debug.xcconfig"; sourceTree = "<group>"; };
		504F4FDE9B9134EAA3ED6302 /* Pods-instagram-instagramTests.debug.xcconfig */ = {isa = PBXFileReference; includeInIndex = 1; lastKnownFileType = text.xcconfig; name = "Pods-instagram-instagramTests.debug.xcconfig"; path = "Pods/Target Support Files/Pods-instagram-instagramTests/Pods-instagram-instagramTests.debug.xcconfig"; sourceTree = "<group>"; };
		72991C75BF4E292A0CDD05BA /* Pods-instagram-instagramTests.release.xcconfig */ = {isa = PBXFileReference; includeInIndex = 1; lastKnownFileType = text.xcconfig; name = "Pods-instagram-instagramTests.release.xcconfig"; path = "Pods/Target Support Files/Pods-instagram-instagramTests/Pods-instagram-instagramTests.release.xcconfig"; sourceTree = "<group>"; };
		7E68CD8F3A878B160968D14E /* Pods-instagramTests.release.xcconfig */ = {isa = PBXFileReference; includeInIndex = 1; lastKnownFileType = text.xcconfig; name = "Pods-instagramTests.release.xcconfig"; path = "Pods/Target Support Files/Pods-instagramTests/Pods-instagramTests.release.xcconfig"; sourceTree = "<group>"; };
		80AC54F8203F991C008BE0DE /* instagram.app */ = {isa = PBXFileReference; explicitFileType = wrapper.application; includeInIndex = 0; path = instagram.app; sourceTree = BUILT_PRODUCTS_DIR; };
		80AC54FB203F991C008BE0DE /* AppDelegate.swift */ = {isa = PBXFileReference; lastKnownFileType = sourcecode.swift; path = AppDelegate.swift; sourceTree = "<group>"; };
		80AC54FD203F991C008BE0DE /* ViewController.swift */ = {isa = PBXFileReference; lastKnownFileType = sourcecode.swift; path = ViewController.swift; sourceTree = "<group>"; };
		80AC5500203F991C008BE0DE /* Base */ = {isa = PBXFileReference; lastKnownFileType = file.storyboard; name = Base; path = Base.lproj/Main.storyboard; sourceTree = "<group>"; };
		80AC5502203F991C008BE0DE /* Assets.xcassets */ = {isa = PBXFileReference; lastKnownFileType = folder.assetcatalog; path = Assets.xcassets; sourceTree = "<group>"; };
		80AC5505203F991C008BE0DE /* Base */ = {isa = PBXFileReference; lastKnownFileType = file.storyboard; name = Base; path = Base.lproj/LaunchScreen.storyboard; sourceTree = "<group>"; };
		80AC5507203F991C008BE0DE /* Info.plist */ = {isa = PBXFileReference; lastKnownFileType = text.plist.xml; path = Info.plist; sourceTree = "<group>"; };
		80AC550C203F991D008BE0DE /* instagramTests.xctest */ = {isa = PBXFileReference; explicitFileType = wrapper.cfbundle; includeInIndex = 0; path = instagramTests.xctest; sourceTree = BUILT_PRODUCTS_DIR; };
		80AC5510203F991D008BE0DE /* instagramTests.swift */ = {isa = PBXFileReference; lastKnownFileType = sourcecode.swift; path = instagramTests.swift; sourceTree = "<group>"; };
		80AC5512203F991D008BE0DE /* Info.plist */ = {isa = PBXFileReference; lastKnownFileType = text.plist.xml; path = Info.plist; sourceTree = "<group>"; };
		80AC5517203F991D008BE0DE /* instagramUITests.xctest */ = {isa = PBXFileReference; explicitFileType = wrapper.cfbundle; includeInIndex = 0; path = instagramUITests.xctest; sourceTree = BUILT_PRODUCTS_DIR; };
		80AC551B203F991D008BE0DE /* instagramUITests.swift */ = {isa = PBXFileReference; lastKnownFileType = sourcecode.swift; path = instagramUITests.swift; sourceTree = "<group>"; };
		80AC551D203F991D008BE0DE /* Info.plist */ = {isa = PBXFileReference; lastKnownFileType = text.plist.xml; path = Info.plist; sourceTree = "<group>"; };
		80AC5529203FA238008BE0DE /* LoginViewController.swift */ = {isa = PBXFileReference; lastKnownFileType = sourcecode.swift; path = LoginViewController.swift; sourceTree = "<group>"; };
		80AC552B2043A436008BE0DE /* FeedViewController.swift */ = {isa = PBXFileReference; lastKnownFileType = sourcecode.swift; path = FeedViewController.swift; sourceTree = "<group>"; };
		80AC552D2043A449008BE0DE /* ProfileViewController.swift */ = {isa = PBXFileReference; lastKnownFileType = sourcecode.swift; path = ProfileViewController.swift; sourceTree = "<group>"; };
		80AC552F2043B8E7008BE0DE /* Post.swift */ = {isa = PBXFileReference; lastKnownFileType = sourcecode.swift; path = Post.swift; sourceTree = "<group>"; };
		80AC55312043EFF0008BE0DE /* UploadViewController.swift */ = {isa = PBXFileReference; lastKnownFileType = sourcecode.swift; path = UploadViewController.swift; sourceTree = "<group>"; };
		82133318DF882A471F4C5408 /* Pods-instagram.debug.xcconfig */ = {isa = PBXFileReference; includeInIndex = 1; lastKnownFileType = text.xcconfig; name = "Pods-instagram.debug.xcconfig"; path = "Pods/Target Support Files/Pods-instagram/Pods-instagram.debug.xcconfig"; sourceTree = "<group>"; };
		D4BC8F19F0493AB119374C93 /* Pods_instagramTests.framework */ = {isa = PBXFileReference; explicitFileType = wrapper.framework; includeInIndex = 0; path = Pods_instagramTests.framework; sourceTree = BUILT_PRODUCTS_DIR; };
		DAF3460BC2295DDDEA8CC7C4 /* Pods-instagramUITests.release.xcconfig */ = {isa = PBXFileReference; includeInIndex = 1; lastKnownFileType = text.xcconfig; name = "Pods-instagramUITests.release.xcconfig"; path = "Pods/Target Support Files/Pods-instagramUITests/Pods-instagramUITests.release.xcconfig"; sourceTree = "<group>"; };
/* End PBXFileReference section */

/* Begin PBXFrameworksBuildPhase section */
		80AC54F5203F991C008BE0DE /* Frameworks */ = {
			isa = PBXFrameworksBuildPhase;
			buildActionMask = 2147483647;
			files = (
				55C74AC076C21355EA42A928 /* Pods_instagram.framework in Frameworks */,
			);
			runOnlyForDeploymentPostprocessing = 0;
		};
		80AC5509203F991D008BE0DE /* Frameworks */ = {
			isa = PBXFrameworksBuildPhase;
			buildActionMask = 2147483647;
			files = (
				9A1A74E803BB7112C5217C79 /* Pods_instagram_instagramTests.framework in Frameworks */,
				AEAC79334EC8C3139151D73F /* Pods_instagramTests.framework in Frameworks */,
			);
			runOnlyForDeploymentPostprocessing = 0;
		};
		80AC5514203F991D008BE0DE /* Frameworks */ = {
			isa = PBXFrameworksBuildPhase;
			buildActionMask = 2147483647;
			files = (
				C481199765028675D127A70E /* Pods_instagramUITests.framework in Frameworks */,
			);
			runOnlyForDeploymentPostprocessing = 0;
		};
/* End PBXFrameworksBuildPhase section */

/* Begin PBXGroup section */
		79F8E4FEA62D7638EC340238 /* Pods */ = {
			isa = PBXGroup;
			children = (
				82133318DF882A471F4C5408 /* Pods-instagram.debug.xcconfig */,
				312E31CE8355B80B9F2FEE5B /* Pods-instagram.release.xcconfig */,
				504F4FDE9B9134EAA3ED6302 /* Pods-instagram-instagramTests.debug.xcconfig */,
				72991C75BF4E292A0CDD05BA /* Pods-instagram-instagramTests.release.xcconfig */,
				12F2CF0A6D41D92D76909079 /* Pods-instagramUITests.debug.xcconfig */,
				DAF3460BC2295DDDEA8CC7C4 /* Pods-instagramUITests.release.xcconfig */,
				49E273232BBE797AC5EDBA9E /* Pods-instagramTests.debug.xcconfig */,
				7E68CD8F3A878B160968D14E /* Pods-instagramTests.release.xcconfig */,
			);
			name = Pods;
			sourceTree = "<group>";
		};
		80AC54EF203F991C008BE0DE = {
			isa = PBXGroup;
			children = (
				80AC54FA203F991C008BE0DE /* instagram */,
				80AC550F203F991D008BE0DE /* instagramTests */,
				80AC551A203F991D008BE0DE /* instagramUITests */,
				80AC54F9203F991C008BE0DE /* Products */,
				79F8E4FEA62D7638EC340238 /* Pods */,
				D5ADB9DBC2982CAD9967472F /* Frameworks */,
			);
			sourceTree = "<group>";
		};
		80AC54F9203F991C008BE0DE /* Products */ = {
			isa = PBXGroup;
			children = (
				80AC54F8203F991C008BE0DE /* instagram.app */,
				80AC550C203F991D008BE0DE /* instagramTests.xctest */,
				80AC5517203F991D008BE0DE /* instagramUITests.xctest */,
			);
			name = Products;
			sourceTree = "<group>";
		};
		80AC54FA203F991C008BE0DE /* instagram */ = {
			isa = PBXGroup;
			children = (
				80AC54FB203F991C008BE0DE /* AppDelegate.swift */,
				80AC54FD203F991C008BE0DE /* ViewController.swift */,
				80AC54FF203F991C008BE0DE /* Main.storyboard */,
				80AC5502203F991C008BE0DE /* Assets.xcassets */,
				80AC5504203F991C008BE0DE /* LaunchScreen.storyboard */,
				80AC5507203F991C008BE0DE /* Info.plist */,
				80AC5529203FA238008BE0DE /* LoginViewController.swift */,
				80AC552B2043A436008BE0DE /* FeedViewController.swift */,
				80AC552D2043A449008BE0DE /* ProfileViewController.swift */,
				80AC552F2043B8E7008BE0DE /* Post.swift */,
				80AC55312043EFF0008BE0DE /* UploadViewController.swift */,
			);
			path = instagram;
			sourceTree = "<group>";
		};
		80AC550F203F991D008BE0DE /* instagramTests */ = {
			isa = PBXGroup;
			children = (
				80AC5510203F991D008BE0DE /* instagramTests.swift */,
				80AC5512203F991D008BE0DE /* Info.plist */,
			);
			path = instagramTests;
			sourceTree = "<group>";
		};
		80AC551A203F991D008BE0DE /* instagramUITests */ = {
			isa = PBXGroup;
			children = (
				80AC551B203F991D008BE0DE /* instagramUITests.swift */,
				80AC551D203F991D008BE0DE /* Info.plist */,
			);
			path = instagramUITests;
			sourceTree = "<group>";
		};
		D5ADB9DBC2982CAD9967472F /* Frameworks */ = {
			isa = PBXGroup;
			children = (
				3EDC35E2E74CF178EB051C6F /* Pods_instagram.framework */,
				16F03EA380BB67757427D434 /* Pods_instagram_instagramTests.framework */,
				1B76961268D0464842641D81 /* Pods_instagramUITests.framework */,
				D4BC8F19F0493AB119374C93 /* Pods_instagramTests.framework */,
			);
			name = Frameworks;
			sourceTree = "<group>";
		};
/* End PBXGroup section */

/* Begin PBXNativeTarget section */
		80AC54F7203F991C008BE0DE /* instagram */ = {
			isa = PBXNativeTarget;
			buildConfigurationList = 80AC5520203F991D008BE0DE /* Build configuration list for PBXNativeTarget "instagram" */;
			buildPhases = (
				E4D3175C185C8790364DDAEE /* [CP] Check Pods Manifest.lock */,
				80AC54F4203F991C008BE0DE /* Sources */,
				80AC54F5203F991C008BE0DE /* Frameworks */,
				80AC54F6203F991C008BE0DE /* Resources */,
				CE5599D01547A32722CA4943 /* [CP] Embed Pods Frameworks */,
				B3CFFFD425CD81C1A2F7CB7A /* [CP] Copy Pods Resources */,
			);
			buildRules = (
			);
			dependencies = (
			);
			name = instagram;
			productName = instagram;
			productReference = 80AC54F8203F991C008BE0DE /* instagram.app */;
			productType = "com.apple.product-type.application";
		};
		80AC550B203F991D008BE0DE /* instagramTests */ = {
			isa = PBXNativeTarget;
			buildConfigurationList = 80AC5523203F991D008BE0DE /* Build configuration list for PBXNativeTarget "instagramTests" */;
			buildPhases = (
				F6C9DBF644ACEB10932EDE59 /* [CP] Check Pods Manifest.lock */,
				80AC5508203F991D008BE0DE /* Sources */,
				80AC5509203F991D008BE0DE /* Frameworks */,
				80AC550A203F991D008BE0DE /* Resources */,
				4D908BBCBB909330734752E1 /* [CP] Embed Pods Frameworks */,
				92ADE8DDD22EFFA160837964 /* [CP] Copy Pods Resources */,
			);
			buildRules = (
			);
			dependencies = (
				80AC550E203F991D008BE0DE /* PBXTargetDependency */,
			);
			name = instagramTests;
			productName = instagramTests;
			productReference = 80AC550C203F991D008BE0DE /* instagramTests.xctest */;
			productType = "com.apple.product-type.bundle.unit-test";
		};
		80AC5516203F991D008BE0DE /* instagramUITests */ = {
			isa = PBXNativeTarget;
			buildConfigurationList = 80AC5526203F991D008BE0DE /* Build configuration list for PBXNativeTarget "instagramUITests" */;
			buildPhases = (
				088A0E221E9D97DDD01EC1DE /* [CP] Check Pods Manifest.lock */,
				80AC5513203F991D008BE0DE /* Sources */,
				80AC5514203F991D008BE0DE /* Frameworks */,
				80AC5515203F991D008BE0DE /* Resources */,
				676FFC4EF13E1B3E7F17C64D /* [CP] Embed Pods Frameworks */,
				F4FB50DCFEE2AB16FDA7BE64 /* [CP] Copy Pods Resources */,
			);
			buildRules = (
			);
			dependencies = (
				80AC5519203F991D008BE0DE /* PBXTargetDependency */,
			);
			name = instagramUITests;
			productName = instagramUITests;
			productReference = 80AC5517203F991D008BE0DE /* instagramUITests.xctest */;
			productType = "com.apple.product-type.bundle.ui-testing";
		};
/* End PBXNativeTarget section */

/* Begin PBXProject section */
		80AC54F0203F991C008BE0DE /* Project object */ = {
			isa = PBXProject;
			attributes = {
				LastSwiftUpdateCheck = 0920;
				LastUpgradeCheck = 0920;
				ORGANIZATIONNAME = "Michael Fletes";
				TargetAttributes = {
					80AC54F7203F991C008BE0DE = {
						CreatedOnToolsVersion = 9.2;
						ProvisioningStyle = Automatic;
					};
					80AC550B203F991D008BE0DE = {
						CreatedOnToolsVersion = 9.2;
						ProvisioningStyle = Automatic;
						TestTargetID = 80AC54F7203F991C008BE0DE;
					};
					80AC5516203F991D008BE0DE = {
						CreatedOnToolsVersion = 9.2;
						ProvisioningStyle = Automatic;
						TestTargetID = 80AC54F7203F991C008BE0DE;
					};
				};
			};
			buildConfigurationList = 80AC54F3203F991C008BE0DE /* Build configuration list for PBXProject "instagram" */;
			compatibilityVersion = "Xcode 8.0";
			developmentRegion = en;
			hasScannedForEncodings = 0;
			knownRegions = (
				en,
				Base,
			);
			mainGroup = 80AC54EF203F991C008BE0DE;
			productRefGroup = 80AC54F9203F991C008BE0DE /* Products */;
			projectDirPath = "";
			projectRoot = "";
			targets = (
				80AC54F7203F991C008BE0DE /* instagram */,
				80AC550B203F991D008BE0DE /* instagramTests */,
				80AC5516203F991D008BE0DE /* instagramUITests */,
			);
		};
/* End PBXProject section */

/* Begin PBXResourcesBuildPhase section */
		80AC54F6203F991C008BE0DE /* Resources */ = {
			isa = PBXResourcesBuildPhase;
			buildActionMask = 2147483647;
			files = (
				80AC5506203F991C008BE0DE /* LaunchScreen.storyboard in Resources */,
				80AC5503203F991C008BE0DE /* Assets.xcassets in Resources */,
				80AC5501203F991C008BE0DE /* Main.storyboard in Resources */,
			);
			runOnlyForDeploymentPostprocessing = 0;
		};
		80AC550A203F991D008BE0DE /* Resources */ = {
			isa = PBXResourcesBuildPhase;
			buildActionMask = 2147483647;
			files = (
			);
			runOnlyForDeploymentPostprocessing = 0;
		};
		80AC5515203F991D008BE0DE /* Resources */ = {
			isa = PBXResourcesBuildPhase;
			buildActionMask = 2147483647;
			files = (
			);
			runOnlyForDeploymentPostprocessing = 0;
		};
/* End PBXResourcesBuildPhase section */

/* Begin PBXShellScriptBuildPhase section */
		088A0E221E9D97DDD01EC1DE /* [CP] Check Pods Manifest.lock */ = {
			isa = PBXShellScriptBuildPhase;
			buildActionMask = 2147483647;
			files = (
			);
			inputPaths = (
				"${PODS_PODFILE_DIR_PATH}/Podfile.lock",
				"${PODS_ROOT}/Manifest.lock",
			);
			name = "[CP] Check Pods Manifest.lock";
			outputPaths = (
				"$(DERIVED_FILE_DIR)/Pods-instagramUITests-checkManifestLockResult.txt",
			);
			runOnlyForDeploymentPostprocessing = 0;
			shellPath = /bin/sh;
			shellScript = "diff \"${PODS_PODFILE_DIR_PATH}/Podfile.lock\" \"${PODS_ROOT}/Manifest.lock\" > /dev/null\nif [ $? != 0 ] ; then\n    # print error to STDERR\n    echo \"error: The sandbox is not in sync with the Podfile.lock. Run 'pod install' or update your CocoaPods installation.\" >&2\n    exit 1\nfi\n# This output is used by Xcode 'outputs' to avoid re-running this script phase.\necho \"SUCCESS\" > \"${SCRIPT_OUTPUT_FILE_0}\"\n";
			showEnvVarsInLog = 0;
		};
		4D908BBCBB909330734752E1 /* [CP] Embed Pods Frameworks */ = {
			isa = PBXShellScriptBuildPhase;
			buildActionMask = 2147483647;
			files = (
			);
			inputPaths = (
				"${SRCROOT}/Pods/Target Support Files/Pods-instagram-instagramTests/Pods-instagram-instagramTests-frameworks.sh",
				"${BUILT_PRODUCTS_DIR}/Bolts/Bolts.framework",
				"${BUILT_PRODUCTS_DIR}/Parse/Parse.framework",
			);
			name = "[CP] Embed Pods Frameworks";
			outputPaths = (
				"${TARGET_BUILD_DIR}/${FRAMEWORKS_FOLDER_PATH}/Bolts.framework",
				"${TARGET_BUILD_DIR}/${FRAMEWORKS_FOLDER_PATH}/Parse.framework",
			);
			runOnlyForDeploymentPostprocessing = 0;
			shellPath = /bin/sh;
			shellScript = "\"${SRCROOT}/Pods/Target Support Files/Pods-instagramTests/Pods-instagramTests-frameworks.sh\"\n";
			showEnvVarsInLog = 0;
		};
		676FFC4EF13E1B3E7F17C64D /* [CP] Embed Pods Frameworks */ = {
			isa = PBXShellScriptBuildPhase;
			buildActionMask = 2147483647;
			files = (
			);
			inputPaths = (
			);
			name = "[CP] Embed Pods Frameworks";
			outputPaths = (
			);
			runOnlyForDeploymentPostprocessing = 0;
			shellPath = /bin/sh;
			shellScript = "\"${SRCROOT}/Pods/Target Support Files/Pods-instagramUITests/Pods-instagramUITests-frameworks.sh\"\n";
			showEnvVarsInLog = 0;
		};
		92ADE8DDD22EFFA160837964 /* [CP] Copy Pods Resources */ = {
			isa = PBXShellScriptBuildPhase;
			buildActionMask = 2147483647;
			files = (
			);
			inputPaths = (
			);
			name = "[CP] Copy Pods Resources";
			outputPaths = (
			);
			runOnlyForDeploymentPostprocessing = 0;
			shellPath = /bin/sh;
			shellScript = "\"${SRCROOT}/Pods/Target Support Files/Pods-instagramTests/Pods-instagramTests-resources.sh\"\n";
			showEnvVarsInLog = 0;
		};
		B3CFFFD425CD81C1A2F7CB7A /* [CP] Copy Pods Resources */ = {
			isa = PBXShellScriptBuildPhase;
			buildActionMask = 2147483647;
			files = (
			);
			inputPaths = (
			);
			name = "[CP] Copy Pods Resources";
			outputPaths = (
			);
			runOnlyForDeploymentPostprocessing = 0;
			shellPath = /bin/sh;
			shellScript = "\"${SRCROOT}/Pods/Target Support Files/Pods-instagram/Pods-instagram-resources.sh\"\n";
			showEnvVarsInLog = 0;
		};
		CE5599D01547A32722CA4943 /* [CP] Embed Pods Frameworks */ = {
			isa = PBXShellScriptBuildPhase;
			buildActionMask = 2147483647;
			files = (
			);
			inputPaths = (
				"${SRCROOT}/Pods/Target Support Files/Pods-instagram/Pods-instagram-frameworks.sh",
				"${BUILT_PRODUCTS_DIR}/Bolts/Bolts.framework",
				"${BUILT_PRODUCTS_DIR}/Parse/Parse.framework",
			);
			name = "[CP] Embed Pods Frameworks";
			outputPaths = (
				"${TARGET_BUILD_DIR}/${FRAMEWORKS_FOLDER_PATH}/Bolts.framework",
				"${TARGET_BUILD_DIR}/${FRAMEWORKS_FOLDER_PATH}/Parse.framework",
			);
			runOnlyForDeploymentPostprocessing = 0;
			shellPath = /bin/sh;
			shellScript = "\"${SRCROOT}/Pods/Target Support Files/Pods-instagram/Pods-instagram-frameworks.sh\"\n";
			showEnvVarsInLog = 0;
		};
		E4D3175C185C8790364DDAEE /* [CP] Check Pods Manifest.lock */ = {
			isa = PBXShellScriptBuildPhase;
			buildActionMask = 2147483647;
			files = (
			);
			inputPaths = (
				"${PODS_PODFILE_DIR_PATH}/Podfile.lock",
				"${PODS_ROOT}/Manifest.lock",
			);
			name = "[CP] Check Pods Manifest.lock";
			outputPaths = (
				"$(DERIVED_FILE_DIR)/Pods-instagram-checkManifestLockResult.txt",
			);
			runOnlyForDeploymentPostprocessing = 0;
			shellPath = /bin/sh;
			shellScript = "diff \"${PODS_PODFILE_DIR_PATH}/Podfile.lock\" \"${PODS_ROOT}/Manifest.lock\" > /dev/null\nif [ $? != 0 ] ; then\n    # print error to STDERR\n    echo \"error: The sandbox is not in sync with the Podfile.lock. Run 'pod install' or update your CocoaPods installation.\" >&2\n    exit 1\nfi\n# This output is used by Xcode 'outputs' to avoid re-running this script phase.\necho \"SUCCESS\" > \"${SCRIPT_OUTPUT_FILE_0}\"\n";
			showEnvVarsInLog = 0;
		};
		F4FB50DCFEE2AB16FDA7BE64 /* [CP] Copy Pods Resources */ = {
			isa = PBXShellScriptBuildPhase;
			buildActionMask = 2147483647;
			files = (
			);
			inputPaths = (
			);
			name = "[CP] Copy Pods Resources";
			outputPaths = (
			);
			runOnlyForDeploymentPostprocessing = 0;
			shellPath = /bin/sh;
			shellScript = "\"${SRCROOT}/Pods/Target Support Files/Pods-instagramUITests/Pods-instagramUITests-resources.sh\"\n";
			showEnvVarsInLog = 0;
		};
		F6C9DBF644ACEB10932EDE59 /* [CP] Check Pods Manifest.lock */ = {
			isa = PBXShellScriptBuildPhase;
			buildActionMask = 2147483647;
			files = (
			);
			inputPaths = (
				"${PODS_PODFILE_DIR_PATH}/Podfile.lock",
				"${PODS_ROOT}/Manifest.lock",
			);
			name = "[CP] Check Pods Manifest.lock";
			outputPaths = (
				"$(DERIVED_FILE_DIR)/Pods-instagramTests-checkManifestLockResult.txt",
			);
			runOnlyForDeploymentPostprocessing = 0;
			shellPath = /bin/sh;
			shellScript = "diff \"${PODS_PODFILE_DIR_PATH}/Podfile.lock\" \"${PODS_ROOT}/Manifest.lock\" > /dev/null\nif [ $? != 0 ] ; then\n    # print error to STDERR\n    echo \"error: The sandbox is not in sync with the Podfile.lock. Run 'pod install' or update your CocoaPods installation.\" >&2\n    exit 1\nfi\n# This output is used by Xcode 'outputs' to avoid re-running this script phase.\necho \"SUCCESS\" > \"${SCRIPT_OUTPUT_FILE_0}\"\n";
			showEnvVarsInLog = 0;
		};
/* End PBXShellScriptBuildPhase section */

/* Begin PBXSourcesBuildPhase section */
		80AC54F4203F991C008BE0DE /* Sources */ = {
			isa = PBXSourcesBuildPhase;
			buildActionMask = 2147483647;
			files = (
				80AC552A203FA238008BE0DE /* LoginViewController.swift in Sources */,
				80AC55322043EFF0008BE0DE /* UploadViewController.swift in Sources */,
				80AC54FE203F991C008BE0DE /* ViewController.swift in Sources */,
				80AC552E2043A449008BE0DE /* ProfileViewController.swift in Sources */,
				80AC55302043B8E7008BE0DE /* Post.swift in Sources */,
				80AC552C2043A436008BE0DE /* FeedViewController.swift in Sources */,
				80AC54FC203F991C008BE0DE /* AppDelegate.swift in Sources */,
			);
			runOnlyForDeploymentPostprocessing = 0;
		};
		80AC5508203F991D008BE0DE /* Sources */ = {
			isa = PBXSourcesBuildPhase;
			buildActionMask = 2147483647;
			files = (
				80AC5511203F991D008BE0DE /* instagramTests.swift in Sources */,
			);
			runOnlyForDeploymentPostprocessing = 0;
		};
		80AC5513203F991D008BE0DE /* Sources */ = {
			isa = PBXSourcesBuildPhase;
			buildActionMask = 2147483647;
			files = (
				80AC551C203F991D008BE0DE /* instagramUITests.swift in Sources */,
			);
			runOnlyForDeploymentPostprocessing = 0;
		};
/* End PBXSourcesBuildPhase section */

/* Begin PBXTargetDependency section */
		80AC550E203F991D008BE0DE /* PBXTargetDependency */ = {
			isa = PBXTargetDependency;
			target = 80AC54F7203F991C008BE0DE /* instagram */;
			targetProxy = 80AC550D203F991D008BE0DE /* PBXContainerItemProxy */;
		};
		80AC5519203F991D008BE0DE /* PBXTargetDependency */ = {
			isa = PBXTargetDependency;
			target = 80AC54F7203F991C008BE0DE /* instagram */;
			targetProxy = 80AC5518203F991D008BE0DE /* PBXContainerItemProxy */;
		};
/* End PBXTargetDependency section */

/* Begin PBXVariantGroup section */
		80AC54FF203F991C008BE0DE /* Main.storyboard */ = {
			isa = PBXVariantGroup;
			children = (
				80AC5500203F991C008BE0DE /* Base */,
			);
			name = Main.storyboard;
			sourceTree = "<group>";
		};
		80AC5504203F991C008BE0DE /* LaunchScreen.storyboard */ = {
			isa = PBXVariantGroup;
			children = (
				80AC5505203F991C008BE0DE /* Base */,
			);
			name = LaunchScreen.storyboard;
			sourceTree = "<group>";
		};
/* End PBXVariantGroup section */

/* Begin XCBuildConfiguration section */
		80AC551E203F991D008BE0DE /* Debug */ = {
			isa = XCBuildConfiguration;
			buildSettings = {
				ALWAYS_SEARCH_USER_PATHS = NO;
				CLANG_ANALYZER_NONNULL = YES;
				CLANG_ANALYZER_NUMBER_OBJECT_CONVERSION = YES_AGGRESSIVE;
				CLANG_CXX_LANGUAGE_STANDARD = "gnu++14";
				CLANG_CXX_LIBRARY = "libc++";
				CLANG_ENABLE_MODULES = YES;
				CLANG_ENABLE_OBJC_ARC = YES;
				CLANG_WARN_BLOCK_CAPTURE_AUTORELEASING = YES;
				CLANG_WARN_BOOL_CONVERSION = YES;
				CLANG_WARN_COMMA = YES;
				CLANG_WARN_CONSTANT_CONVERSION = YES;
				CLANG_WARN_DIRECT_OBJC_ISA_USAGE = YES_ERROR;
				CLANG_WARN_DOCUMENTATION_COMMENTS = YES;
				CLANG_WARN_EMPTY_BODY = YES;
				CLANG_WARN_ENUM_CONVERSION = YES;
				CLANG_WARN_INFINITE_RECURSION = YES;
				CLANG_WARN_INT_CONVERSION = YES;
				CLANG_WARN_NON_LITERAL_NULL_CONVERSION = YES;
				CLANG_WARN_OBJC_LITERAL_CONVERSION = YES;
				CLANG_WARN_OBJC_ROOT_CLASS = YES_ERROR;
				CLANG_WARN_RANGE_LOOP_ANALYSIS = YES;
				CLANG_WARN_STRICT_PROTOTYPES = YES;
				CLANG_WARN_SUSPICIOUS_MOVE = YES;
				CLANG_WARN_UNGUARDED_AVAILABILITY = YES_AGGRESSIVE;
				CLANG_WARN_UNREACHABLE_CODE = YES;
				CLANG_WARN__DUPLICATE_METHOD_MATCH = YES;
				CODE_SIGN_IDENTITY = "iPhone Developer";
				COPY_PHASE_STRIP = NO;
				DEBUG_INFORMATION_FORMAT = dwarf;
				ENABLE_STRICT_OBJC_MSGSEND = YES;
				ENABLE_TESTABILITY = YES;
				GCC_C_LANGUAGE_STANDARD = gnu11;
				GCC_DYNAMIC_NO_PIC = NO;
				GCC_NO_COMMON_BLOCKS = YES;
				GCC_OPTIMIZATION_LEVEL = 0;
				GCC_PREPROCESSOR_DEFINITIONS = (
					"DEBUG=1",
					"$(inherited)",
				);
				GCC_WARN_64_TO_32_BIT_CONVERSION = YES;
				GCC_WARN_ABOUT_RETURN_TYPE = YES_ERROR;
				GCC_WARN_UNDECLARED_SELECTOR = YES;
				GCC_WARN_UNINITIALIZED_AUTOS = YES_AGGRESSIVE;
				GCC_WARN_UNUSED_FUNCTION = YES;
				GCC_WARN_UNUSED_VARIABLE = YES;
				IPHONEOS_DEPLOYMENT_TARGET = 11.2;
				MTL_ENABLE_DEBUG_INFO = YES;
				ONLY_ACTIVE_ARCH = YES;
				SDKROOT = iphoneos;
				SWIFT_ACTIVE_COMPILATION_CONDITIONS = DEBUG;
				SWIFT_OPTIMIZATION_LEVEL = "-Onone";
			};
			name = Debug;
		};
		80AC551F203F991D008BE0DE /* Release */ = {
			isa = XCBuildConfiguration;
			buildSettings = {
				ALWAYS_SEARCH_USER_PATHS = NO;
				CLANG_ANALYZER_NONNULL = YES;
				CLANG_ANALYZER_NUMBER_OBJECT_CONVERSION = YES_AGGRESSIVE;
				CLANG_CXX_LANGUAGE_STANDARD = "gnu++14";
				CLANG_CXX_LIBRARY = "libc++";
				CLANG_ENABLE_MODULES = YES;
				CLANG_ENABLE_OBJC_ARC = YES;
				CLANG_WARN_BLOCK_CAPTURE_AUTORELEASING = YES;
				CLANG_WARN_BOOL_CONVERSION = YES;
				CLANG_WARN_COMMA = YES;
				CLANG_WARN_CONSTANT_CONVERSION = YES;
				CLANG_WARN_DIRECT_OBJC_ISA_USAGE = YES_ERROR;
				CLANG_WARN_DOCUMENTATION_COMMENTS = YES;
				CLANG_WARN_EMPTY_BODY = YES;
				CLANG_WARN_ENUM_CONVERSION = YES;
				CLANG_WARN_INFINITE_RECURSION = YES;
				CLANG_WARN_INT_CONVERSION = YES;
				CLANG_WARN_NON_LITERAL_NULL_CONVERSION = YES;
				CLANG_WARN_OBJC_LITERAL_CONVERSION = YES;
				CLANG_WARN_OBJC_ROOT_CLASS = YES_ERROR;
				CLANG_WARN_RANGE_LOOP_ANALYSIS = YES;
				CLANG_WARN_STRICT_PROTOTYPES = YES;
				CLANG_WARN_SUSPICIOUS_MOVE = YES;
				CLANG_WARN_UNGUARDED_AVAILABILITY = YES_AGGRESSIVE;
				CLANG_WARN_UNREACHABLE_CODE = YES;
				CLANG_WARN__DUPLICATE_METHOD_MATCH = YES;
				CODE_SIGN_IDENTITY = "iPhone Developer";
				COPY_PHASE_STRIP = NO;
				DEBUG_INFORMATION_FORMAT = "dwarf-with-dsym";
				ENABLE_NS_ASSERTIONS = NO;
				ENABLE_STRICT_OBJC_MSGSEND = YES;
				GCC_C_LANGUAGE_STANDARD = gnu11;
				GCC_NO_COMMON_BLOCKS = YES;
				GCC_WARN_64_TO_32_BIT_CONVERSION = YES;
				GCC_WARN_ABOUT_RETURN_TYPE = YES_ERROR;
				GCC_WARN_UNDECLARED_SELECTOR = YES;
				GCC_WARN_UNINITIALIZED_AUTOS = YES_AGGRESSIVE;
				GCC_WARN_UNUSED_FUNCTION = YES;
				GCC_WARN_UNUSED_VARIABLE = YES;
				IPHONEOS_DEPLOYMENT_TARGET = 11.2;
				MTL_ENABLE_DEBUG_INFO = NO;
				SDKROOT = iphoneos;
				SWIFT_OPTIMIZATION_LEVEL = "-Owholemodule";
				VALIDATE_PRODUCT = YES;
			};
			name = Release;
		};
		80AC5521203F991D008BE0DE /* Debug */ = {
			isa = XCBuildConfiguration;
			baseConfigurationReference = 82133318DF882A471F4C5408 /* Pods-instagram.debug.xcconfig */;
			buildSettings = {
				ASSETCATALOG_COMPILER_APPICON_NAME = AppIcon;
				CODE_SIGN_STYLE = Automatic;
				DEVELOPMENT_TEAM = X3RQJ74FT3;
				INFOPLIST_FILE = instagram/Info.plist;
				IPHONEOS_DEPLOYMENT_TARGET = 11.2;
				LD_RUNPATH_SEARCH_PATHS = "$(inherited) @executable_path/Frameworks";
				PRODUCT_BUNDLE_IDENTIFIER = one.instagram;
				PRODUCT_NAME = "$(TARGET_NAME)";
				SWIFT_VERSION = 4.0;
				TARGETED_DEVICE_FAMILY = "1,2";
			};
			name = Debug;
		};
		80AC5522203F991D008BE0DE /* Release */ = {
			isa = XCBuildConfiguration;
			baseConfigurationReference = 312E31CE8355B80B9F2FEE5B /* Pods-instagram.release.xcconfig */;
			buildSettings = {
				ASSETCATALOG_COMPILER_APPICON_NAME = AppIcon;
				CODE_SIGN_STYLE = Automatic;
				DEVELOPMENT_TEAM = X3RQJ74FT3;
				INFOPLIST_FILE = instagram/Info.plist;
				IPHONEOS_DEPLOYMENT_TARGET = 11.2;
				LD_RUNPATH_SEARCH_PATHS = "$(inherited) @executable_path/Frameworks";
				PRODUCT_BUNDLE_IDENTIFIER = one.instagram;
				PRODUCT_NAME = "$(TARGET_NAME)";
				SWIFT_VERSION = 4.0;
				TARGETED_DEVICE_FAMILY = "1,2";
			};
			name = Release;
		};
		80AC5524203F991D008BE0DE /* Debug */ = {
			isa = XCBuildConfiguration;
			baseConfigurationReference = 49E273232BBE797AC5EDBA9E /* Pods-instagramTests.debug.xcconfig */;
			buildSettings = {
				ALWAYS_EMBED_SWIFT_STANDARD_LIBRARIES = YES;
				BUNDLE_LOADER = "$(TEST_HOST)";
				CODE_SIGN_STYLE = Automatic;
				INFOPLIST_FILE = instagramTests/Info.plist;
				LD_RUNPATH_SEARCH_PATHS = "$(inherited) @executable_path/Frameworks @loader_path/Frameworks";
				PRODUCT_BUNDLE_IDENTIFIER = one.instagramTests;
				PRODUCT_NAME = "$(TARGET_NAME)";
				SWIFT_VERSION = 4.0;
				TARGETED_DEVICE_FAMILY = "1,2";
				TEST_HOST = "$(BUILT_PRODUCTS_DIR)/instagram.app/instagram";
			};
			name = Debug;
		};
		80AC5525203F991D008BE0DE /* Release */ = {
			isa = XCBuildConfiguration;
			baseConfigurationReference = 7E68CD8F3A878B160968D14E /* Pods-instagramTests.release.xcconfig */;
			buildSettings = {
				ALWAYS_EMBED_SWIFT_STANDARD_LIBRARIES = YES;
				BUNDLE_LOADER = "$(TEST_HOST)";
				CODE_SIGN_STYLE = Automatic;
				INFOPLIST_FILE = instagramTests/Info.plist;
				LD_RUNPATH_SEARCH_PATHS = "$(inherited) @executable_path/Frameworks @loader_path/Frameworks";
				PRODUCT_BUNDLE_IDENTIFIER = one.instagramTests;
				PRODUCT_NAME = "$(TARGET_NAME)";
				SWIFT_VERSION = 4.0;
				TARGETED_DEVICE_FAMILY = "1,2";
				TEST_HOST = "$(BUILT_PRODUCTS_DIR)/instagram.app/instagram";
			};
			name = Release;
		};
		80AC5527203F991D008BE0DE /* Debug */ = {
			isa = XCBuildConfiguration;
			baseConfigurationReference = 12F2CF0A6D41D92D76909079 /* Pods-instagramUITests.debug.xcconfig */;
			buildSettings = {
				ALWAYS_EMBED_SWIFT_STANDARD_LIBRARIES = YES;
				CODE_SIGN_STYLE = Automatic;
				INFOPLIST_FILE = instagramUITests/Info.plist;
				LD_RUNPATH_SEARCH_PATHS = "$(inherited) @executable_path/Frameworks @loader_path/Frameworks";
				PRODUCT_BUNDLE_IDENTIFIER = one.instagramUITests;
				PRODUCT_NAME = "$(TARGET_NAME)";
				SWIFT_VERSION = 4.0;
				TARGETED_DEVICE_FAMILY = "1,2";
				TEST_TARGET_NAME = instagram;
			};
			name = Debug;
		};
		80AC5528203F991D008BE0DE /* Release */ = {
			isa = XCBuildConfiguration;
			baseConfigurationReference = DAF3460BC2295DDDEA8CC7C4 /* Pods-instagramUITests.release.xcconfig */;
			buildSettings = {
				ALWAYS_EMBED_SWIFT_STANDARD_LIBRARIES = YES;
				CODE_SIGN_STYLE = Automatic;
				INFOPLIST_FILE = instagramUITests/Info.plist;
				LD_RUNPATH_SEARCH_PATHS = "$(inherited) @executable_path/Frameworks @loader_path/Frameworks";
				PRODUCT_BUNDLE_IDENTIFIER = one.instagramUITests;
				PRODUCT_NAME = "$(TARGET_NAME)";
				SWIFT_VERSION = 4.0;
				TARGETED_DEVICE_FAMILY = "1,2";
				TEST_TARGET_NAME = instagram;
			};
			name = Release;
		};
/* End XCBuildConfiguration section */

/* Begin XCConfigurationList section */
		80AC54F3203F991C008BE0DE /* Build configuration list for PBXProject "instagram" */ = {
			isa = XCConfigurationList;
			buildConfigurations = (
				80AC551E203F991D008BE0DE /* Debug */,
				80AC551F203F991D008BE0DE /* Release */,
			);
			defaultConfigurationIsVisible = 0;
			defaultConfigurationName = Release;
		};
		80AC5520203F991D008BE0DE /* Build configuration list for PBXNativeTarget "instagram" */ = {
			isa = XCConfigurationList;
			buildConfigurations = (
				80AC5521203F991D008BE0DE /* Debug */,
				80AC5522203F991D008BE0DE /* Release */,
			);
			defaultConfigurationIsVisible = 0;
			defaultConfigurationName = Release;
		};
		80AC5523203F991D008BE0DE /* Build configuration list for PBXNativeTarget "instagramTests" */ = {
			isa = XCConfigurationList;
			buildConfigurations = (
				80AC5524203F991D008BE0DE /* Debug */,
				80AC5525203F991D008BE0DE /* Release */,
			);
			defaultConfigurationIsVisible = 0;
			defaultConfigurationName = Release;
		};
		80AC5526203F991D008BE0DE /* Build configuration list for PBXNativeTarget "instagramUITests" */ = {
			isa = XCConfigurationList;
			buildConfigurations = (
				80AC5527203F991D008BE0DE /* Debug */,
				80AC5528203F991D008BE0DE /* Release */,
			);
			defaultConfigurationIsVisible = 0;
			defaultConfigurationName = Release;
		};
/* End XCConfigurationList section */
	};
	rootObject = 80AC54F0203F991C008BE0DE /* Project object */;
}
